# This file is autogenerated, do not edit; changes may be undone by the next 'dep ensure'.


[[projects]]
  digest = "1:27d0f60d5bee3e5a307e93aa996ebbd00514a9d58c3f0853ee91060a2f23c8eb"
  name = "github.com/kyokomi/emoji"
  packages = ["."]
  pruneopts = "UT"
  revision = "cab09f717dfe17c99b322c198d2dfe1690f19056"
  version = "v2.2.2"

[solve-meta]
  analyzer-name = "dep"
  analyzer-version = 1
  input-imports = ["github.com/kyokomi/emoji"]
  solver-name = "gps-cdcl"
  solver-version = 1
